
Microsoft Visual Studio Solution File, Format Version 12.00
# Visual Studio Version 16
VisualStudioVersion = 16.0.30204.135
MinimumVisualStudioVersion = 10.0.40219.1
Project("{888888A0-9F3D-457C-B088-3A5042F75D52}") = "PythonApplication1", "PythonApplication1\PythonApplication1.pyproj", "{EF3520C4-B939-4B9B-A5CE-D13FAF564912}"
EndProject
Project("{888888A0-9F3D-457C-B088-3A5042F75D52}") = "object_tracking", "object_tracking\object_tracking.pyproj", "{64DCC6CB-555A-4F99-B72A-328578081937}"
EndProject
Project("{888888A0-9F3D-457C-B088-3A5042F75D52}") = "depth", "depth\depth.pyproj", "{09CE4F0A-1950-444E-B864-4CEFF2A3963F}"
EndProject
Project("{888888A0-9F3D-457C-B088-3A5042F75D52}") = "test", "test\test.pyproj", "{FE96A482-F0A7-4595-AE92-F84D1AFF29D5}"
EndProject
Global
	GlobalSection(SolutionConfigurationPlatforms) = preSolution
		Debug|Any CPU = Debug|Any CPU
		Release|Any CPU = Release|Any CPU
	EndGlobalSection
	GlobalSection(ProjectConfigurationPlatforms) = postSolution
		{EF3520C4-B939-4B9B-A5CE-D13FAF564912}.Debug|Any CPU.ActiveCfg = Debug|Any CPU
		{EF3520C4-B939-4B9B-A5CE-D13FAF564912}.Release|Any CPU.ActiveCfg = Release|Any CPU
		{64DCC6CB-555A-4F99-B72A-328578081937}.Debug|Any CPU.ActiveCfg = Debug|Any CPU
		{64DCC6CB-555A-4F99-B72A-328578081937}.Release|Any CPU.ActiveCfg = Release|Any CPU
		{09CE4F0A-1950-444E-B864-4CEFF2A3963F}.Debug|Any CPU.ActiveCfg = Debug|Any CPU
		{09CE4F0A-1950-444E-B864-4CEFF2A3963F}.Release|Any CPU.ActiveCfg = Release|Any CPU
		{FE96A482-F0A7-4595-AE92-F84D1AFF29D5}.Debug|Any CPU.ActiveCfg = Debug|Any CPU
		{FE96A482-F0A7-4595-AE92-F84D1AFF29D5}.Release|Any CPU.ActiveCfg = Release|Any CPU
	EndGlobalSection
	GlobalSection(SolutionProperties) = preSolution
		HideSolutionNode = FALSE
	EndGlobalSection
	GlobalSection(ExtensibilityGlobals) = postSolution
		SolutionGuid = {9BCE3F97-FCF1-485A-8AD4-73B0A2EB740B}
	EndGlobalSection
EndGlobal
